
Microsoft Visual Studio Solution File, Format Version 12.00
# Visual Studio Version 16
VisualStudioVersion = 16.0.31515.178
MinimumVisualStudioVersion = 10.0.40219.1
Project("{FAE04EC0-301F-11D3-BF4B-00C04F79EFBC}") = "FlipKart", "FlipKart\FlipKart.csproj", "{7E4BA100-9591-4482-933F-260553BC76F2}"
EndProject
Global
	GlobalSection(SolutionConfigurationPlatforms) = preSolution
		Debug|Any CPU = Debug|Any CPU
		Release|Any CPU = Release|Any CPU
	EndGlobalSection
	GlobalSection(ProjectConfigurationPlatforms) = postSolution
		{7E4BA100-9591-4482-933F-260553BC76F2}.Debug|Any CPU.ActiveCfg = Debug|Any CPU
		{7E4BA100-9591-4482-933F-260553BC76F2}.Debug|Any CPU.Build.0 = Debug|Any CPU
		{7E4BA100-9591-4482-933F-260553BC76F2}.Release|Any CPU.ActiveCfg = Release|Any CPU
		{7E4BA100-9591-4482-933F-260553BC76F2}.Release|Any CPU.Build.0 = Release|Any CPU
	EndGlobalSection
	GlobalSection(SolutionProperties) = preSolution
		HideSolutionNode = FALSE
	EndGlobalSection
	GlobalSection(ExtensibilityGlobals) = postSolution
		SolutionGuid = {FAE22F84-1FA6-4C84-9051-AEADC2289AF0}
	EndGlobalSection
EndGlobal
